
Microsoft Visual Studio Solution File, Format Version 12.00
# Visual Studio Version 16
VisualStudioVersion = 16.0.30011.22
MinimumVisualStudioVersion = 10.0.40219.1
Project("{8BC9CEB8-8B4A-11D0-8D11-00A0C91BC942}") = "unit2", "unit2\unit2.vcxproj", "{CF93CC0D-84B7-4429-A68F-642A5EAFA020}"
EndProject
Global
	GlobalSection(SolutionConfigurationPlatforms) = preSolution
		Debug|x64 = Debug|x64
		Debug|x86 = Debug|x86
		Release|x64 = Release|x64
		Release|x86 = Release|x86
	EndGlobalSection
	GlobalSection(ProjectConfigurationPlatforms) = postSolution
		{CF93CC0D-84B7-4429-A68F-642A5EAFA020}.Debug|x64.ActiveCfg = Debug|x64
		{CF93CC0D-84B7-4429-A68F-642A5EAFA020}.Debug|x64.Build.0 = Debug|x64
		{CF93CC0D-84B7-4429-A68F-642A5EAFA020}.Debug|x86.ActiveCfg = Debug|Win32
		{CF93CC0D-84B7-4429-A68F-642A5EAFA020}.Debug|x86.Build.0 = Debug|Win32
		{CF93CC0D-84B7-4429-A68F-642A5EAFA020}.Release|x64.ActiveCfg = Release|x64
		{CF93CC0D-84B7-4429-A68F-642A5EAFA020}.Release|x64.Build.0 = Release|x64
		{CF93CC0D-84B7-4429-A68F-642A5EAFA020}.Release|x86.ActiveCfg = Release|Win32
		{CF93CC0D-84B7-4429-A68F-642A5EAFA020}.Release|x86.Build.0 = Release|Win32
	EndGlobalSection
	GlobalSection(SolutionProperties) = preSolution
		HideSolutionNode = FALSE
	EndGlobalSection
	GlobalSection(ExtensibilityGlobals) = postSolution
		SolutionGuid = {7832019F-CD39-42F0-A905-CA3CE5BC6114}
	EndGlobalSection
EndGlobal
